Microsoft Visual Studio Solution File, Format Version 12.00
# Visual Studio 15
VisualStudioVersion = 15.0.26430.16
MinimumVisualStudioVersion = 15.0.26124.0
Project("{2150E333-8FDC-42A3-9474-1A3956D46DE8}") = "src", "src", "{ED32433F-DD6C-45A9-94AB-4DC5F0867A08}"
EndProject
Project("{9A19103F-16F7-4668-BE54-9A1E7A4F7556}") = "DlnaCore.Core", "src\DlnaCore.Core\DlnaCore.Core.csproj", "{6F710117-979D-48A3-AF37-5F7E6EAB2AD3}"
EndProject
Project("{9A19103F-16F7-4668-BE54-9A1E7A4F7556}") = "DlnaCore", "src\DlnaCore.Server\DlnaCore.csproj", "{7A08AE47-298D-4790-AAFC-AEB5A88AF3EA}"
EndProject
Project("{2150E333-8FDC-42A3-9474-1A3956D46DE8}") = "tests", "tests", "{13EA408A-DBDD-43BB-8A88-B91137AE0208}"
EndProject
Project("{9A19103F-16F7-4668-BE54-9A1E7A4F7556}") = "DlnaCore.Tests", "tests\DlnaCore.Tests\DlnaCore.Tests.csproj", "{6DDDCD96-85BA-4D4A-8CF9-9DFE98568F38}"
EndProject
Global
	GlobalSection(SolutionConfigurationPlatforms) = preSolution
		Debug|Any CPU = Debug|Any CPU
		Debug|x64 = Debug|x64
		Debug|x86 = Debug|x86
		Release|Any CPU = Release|Any CPU
		Release|x64 = Release|x64
		Release|x86 = Release|x86
	EndGlobalSection
	GlobalSection(ProjectConfigurationPlatforms) = postSolution
		{6F710117-979D-48A3-AF37-5F7E6EAB2AD3}.Debug|Any CPU.ActiveCfg = Debug|Any CPU
		{6F710117-979D-48A3-AF37-5F7E6EAB2AD3}.Debug|Any CPU.Build.0 = Debug|Any CPU
		{6F710117-979D-48A3-AF37-5F7E6EAB2AD3}.Debug|x64.ActiveCfg = Debug|Any CPU
		{6F710117-979D-48A3-AF37-5F7E6EAB2AD3}.Debug|x64.Build.0 = Debug|Any CPU
		{6F710117-979D-48A3-AF37-5F7E6EAB2AD3}.Debug|x86.ActiveCfg = Debug|Any CPU
		{6F710117-979D-48A3-AF37-5F7E6EAB2AD3}.Debug|x86.Build.0 = Debug|Any CPU
		{6F710117-979D-48A3-AF37-5F7E6EAB2AD3}.Release|Any CPU.ActiveCfg = Release|Any CPU
		{6F710117-979D-48A3-AF37-5F7E6EAB2AD3}.Release|Any CPU.Build.0 = Release|Any CPU
		{6F710117-979D-48A3-AF37-5F7E6EAB2AD3}.Release|x64.ActiveCfg = Release|Any CPU
		{6F710117-979D-48A3-AF37-5F7E6EAB2AD3}.Release|x64.Build.0 = Release|Any CPU
		{6F710117-979D-48A3-AF37-5F7E6EAB2AD3}.Release|x86.ActiveCfg = Release|Any CPU
		{6F710117-979D-48A3-AF37-5F7E6EAB2AD3}.Release|x86.Build.0 = Release|Any CPU
		{7A08AE47-298D-4790-AAFC-AEB5A88AF3EA}.Debug|Any CPU.ActiveCfg = Debug|Any CPU
		{7A08AE47-298D-4790-AAFC-AEB5A88AF3EA}.Debug|Any CPU.Build.0 = Debug|Any CPU
		{7A08AE47-298D-4790-AAFC-AEB5A88AF3EA}.Debug|x64.ActiveCfg = Debug|Any CPU
		{7A08AE47-298D-4790-AAFC-AEB5A88AF3EA}.Debug|x64.Build.0 = Debug|Any CPU
		{7A08AE47-298D-4790-AAFC-AEB5A88AF3EA}.Debug|x86.ActiveCfg = Debug|Any CPU
		{7A08AE47-298D-4790-AAFC-AEB5A88AF3EA}.Debug|x86.Build.0 = Debug|Any CPU
		{7A08AE47-298D-4790-AAFC-AEB5A88AF3EA}.Release|Any CPU.ActiveCfg = Release|Any CPU
		{7A08AE47-298D-4790-AAFC-AEB5A88AF3EA}.Release|Any CPU.Build.0 = Release|Any CPU
		{7A08AE47-298D-4790-AAFC-AEB5A88AF3EA}.Release|x64.ActiveCfg = Release|Any CPU
		{7A08AE47-298D-4790-AAFC-AEB5A88AF3EA}.Release|x64.Build.0 = Release|Any CPU
		{7A08AE47-298D-4790-AAFC-AEB5A88AF3EA}.Release|x86.ActiveCfg = Release|Any CPU
		{7A08AE47-298D-4790-AAFC-AEB5A88AF3EA}.Release|x86.Build.0 = Release|Any CPU
		{6DDDCD96-85BA-4D4A-8CF9-9DFE98568F38}.Debug|Any CPU.ActiveCfg = Debug|Any CPU
		{6DDDCD96-85BA-4D4A-8CF9-9DFE98568F38}.Debug|Any CPU.Build.0 = Debug|Any CPU
		{6DDDCD96-85BA-4D4A-8CF9-9DFE98568F38}.Debug|x64.ActiveCfg = Debug|Any CPU
		{6DDDCD96-85BA-4D4A-8CF9-9DFE98568F38}.Debug|x64.Build.0 = Debug|Any CPU
		{6DDDCD96-85BA-4D4A-8CF9-9DFE98568F38}.Debug|x86.ActiveCfg = Debug|Any CPU
		{6DDDCD96-85BA-4D4A-8CF9-9DFE98568F38}.Debug|x86.Build.0 = Debug|Any CPU
		{6DDDCD96-85BA-4D4A-8CF9-9DFE98568F38}.Release|Any CPU.ActiveCfg = Release|Any CPU
		{6DDDCD96-85BA-4D4A-8CF9-9DFE98568F38}.Release|Any CPU.Build.0 = Release|Any CPU
		{6DDDCD96-85BA-4D4A-8CF9-9DFE98568F38}.Release|x64.ActiveCfg = Release|Any CPU
		{6DDDCD96-85BA-4D4A-8CF9-9DFE98568F38}.Release|x64.Build.0 = Release|Any CPU
		{6DDDCD96-85BA-4D4A-8CF9-9DFE98568F38}.Release|x86.ActiveCfg = Release|Any CPU
		{6DDDCD96-85BA-4D4A-8CF9-9DFE98568F38}.Release|x86.Build.0 = Release|Any CPU
	EndGlobalSection
	GlobalSection(SolutionProperties) = preSolution
		HideSolutionNode = FALSE
	EndGlobalSection
	GlobalSection(NestedProjects) = preSolution
		{6F710117-979D-48A3-AF37-5F7E6EAB2AD3} = {ED32433F-DD6C-45A9-94AB-4DC5F0867A08}
		{7A08AE47-298D-4790-AAFC-AEB5A88AF3EA} = {ED32433F-DD6C-45A9-94AB-4DC5F0867A08}
		{6DDDCD96-85BA-4D4A-8CF9-9DFE98568F38} = {13EA408A-DBDD-43BB-8A88-B91137AE0208}
	EndGlobalSection
EndGlobal
